
Microsoft Visual Studio Solution File, Format Version 12.00
# Visual Studio Version 17
VisualStudioVersion = 17.1.32210.238
MinimumVisualStudioVersion = 10.0.40219.1
Project("{FAE04EC0-301F-11D3-BF4B-00C04F79EFBC}") = "IssueTracker", "IssueTracker\IssueTracker.csproj", "{E3496C13-A714-4731-A325-D75799C84AEB}"
EndProject
Global
	GlobalSection(SolutionConfigurationPlatforms) = preSolution
		Debug|Any CPU = Debug|Any CPU
		Release|Any CPU = Release|Any CPU
	EndGlobalSection
	GlobalSection(ProjectConfigurationPlatforms) = postSolution
		{E3496C13-A714-4731-A325-D75799C84AEB}.Debug|Any CPU.ActiveCfg = Debug|Any CPU
		{E3496C13-A714-4731-A325-D75799C84AEB}.Debug|Any CPU.Build.0 = Debug|Any CPU
		{E3496C13-A714-4731-A325-D75799C84AEB}.Release|Any CPU.ActiveCfg = Release|Any CPU
		{E3496C13-A714-4731-A325-D75799C84AEB}.Release|Any CPU.Build.0 = Release|Any CPU
	EndGlobalSection
	GlobalSection(SolutionProperties) = preSolution
		HideSolutionNode = FALSE
	EndGlobalSection
	GlobalSection(ExtensibilityGlobals) = postSolution
		SolutionGuid = {359E4630-1A43-4FDF-9EF0-CF58D3F14889}
	EndGlobalSection
EndGlobal
